
Microsoft Visual Studio Solution File, Format Version 12.00
# Visual Studio Version 16
VisualStudioVersion = 16.0.29827.131
MinimumVisualStudioVersion = 10.0.40219.1
Project("{9A19103F-16F7-4668-BE54-9A1E7A4F7556}") = "DbSeeder.Model", "DbSeeder.Model\DbSeeder.Model.csproj", "{AC351F7B-D13D-494C-B325-3969C9289755}"
EndProject
Project("{9A19103F-16F7-4668-BE54-9A1E7A4F7556}") = "DbSeeder.Services", "DbSeeder.Services\DbSeeder.Services.csproj", "{3D7E73DC-1ED0-4451-BF2E-06BA15884658}"
EndProject
Project("{9A19103F-16F7-4668-BE54-9A1E7A4F7556}") = "DbSeeder.Console", "DbSeeder.Console\DbSeeder.Console.csproj", "{0A948277-A6D8-43CC-A0FE-0D641C3C505C}"
EndProject
Global
	GlobalSection(SolutionConfigurationPlatforms) = preSolution
		Debug|Any CPU = Debug|Any CPU
		Release|Any CPU = Release|Any CPU
	EndGlobalSection
	GlobalSection(ProjectConfigurationPlatforms) = postSolution
		{AC351F7B-D13D-494C-B325-3969C9289755}.Debug|Any CPU.ActiveCfg = Debug|Any CPU
		{AC351F7B-D13D-494C-B325-3969C9289755}.Debug|Any CPU.Build.0 = Debug|Any CPU
		{AC351F7B-D13D-494C-B325-3969C9289755}.Release|Any CPU.ActiveCfg = Release|Any CPU
		{AC351F7B-D13D-494C-B325-3969C9289755}.Release|Any CPU.Build.0 = Release|Any CPU
		{3D7E73DC-1ED0-4451-BF2E-06BA15884658}.Debug|Any CPU.ActiveCfg = Debug|Any CPU
		{3D7E73DC-1ED0-4451-BF2E-06BA15884658}.Debug|Any CPU.Build.0 = Debug|Any CPU
		{3D7E73DC-1ED0-4451-BF2E-06BA15884658}.Release|Any CPU.ActiveCfg = Release|Any CPU
		{3D7E73DC-1ED0-4451-BF2E-06BA15884658}.Release|Any CPU.Build.0 = Release|Any CPU
		{0A948277-A6D8-43CC-A0FE-0D641C3C505C}.Debug|Any CPU.ActiveCfg = Debug|Any CPU
		{0A948277-A6D8-43CC-A0FE-0D641C3C505C}.Debug|Any CPU.Build.0 = Debug|Any CPU
		{0A948277-A6D8-43CC-A0FE-0D641C3C505C}.Release|Any CPU.ActiveCfg = Release|Any CPU
		{0A948277-A6D8-43CC-A0FE-0D641C3C505C}.Release|Any CPU.Build.0 = Release|Any CPU
	EndGlobalSection
	GlobalSection(SolutionProperties) = preSolution
		HideSolutionNode = FALSE
	EndGlobalSection
	GlobalSection(ExtensibilityGlobals) = postSolution
		SolutionGuid = {872D4698-914C-4CA4-8A66-1BDE116EC887}
	EndGlobalSection
EndGlobal
